
Microsoft Visual Studio Solution File, Format Version 12.00
# Visual Studio 15
VisualStudioVersion = 15.0.26228.9
MinimumVisualStudioVersion = 10.0.40219.1
Project("{FAE04EC0-301F-11D3-BF4B-00C04F79EFBC}") = "myFilesTool", "myFilesTool\myFilesTool.csproj", "{E257FC40-9148-4D59-BB85-ECECC612CE43}"
EndProject
Project("{FAE04EC0-301F-11D3-BF4B-00C04F79EFBC}") = "myFilesTool.Tests", "myFilesTool.Tests\myFilesTool.Tests.csproj", "{1BF2455A-48BD-4329-A8A5-1EA23CA5D2C4}"
EndProject
Global
	GlobalSection(SolutionConfigurationPlatforms) = preSolution
		Debug|Any CPU = Debug|Any CPU
		Release|Any CPU = Release|Any CPU
	EndGlobalSection
	GlobalSection(ProjectConfigurationPlatforms) = postSolution
		{E257FC40-9148-4D59-BB85-ECECC612CE43}.Debug|Any CPU.ActiveCfg = Debug|Any CPU
		{E257FC40-9148-4D59-BB85-ECECC612CE43}.Debug|Any CPU.Build.0 = Debug|Any CPU
		{E257FC40-9148-4D59-BB85-ECECC612CE43}.Release|Any CPU.ActiveCfg = Release|Any CPU
		{E257FC40-9148-4D59-BB85-ECECC612CE43}.Release|Any CPU.Build.0 = Release|Any CPU
		{1BF2455A-48BD-4329-A8A5-1EA23CA5D2C4}.Debug|Any CPU.ActiveCfg = Debug|Any CPU
		{1BF2455A-48BD-4329-A8A5-1EA23CA5D2C4}.Debug|Any CPU.Build.0 = Debug|Any CPU
		{1BF2455A-48BD-4329-A8A5-1EA23CA5D2C4}.Release|Any CPU.ActiveCfg = Release|Any CPU
		{1BF2455A-48BD-4329-A8A5-1EA23CA5D2C4}.Release|Any CPU.Build.0 = Release|Any CPU
	EndGlobalSection
	GlobalSection(SolutionProperties) = preSolution
		HideSolutionNode = FALSE
	EndGlobalSection
EndGlobal
